// !$*UTF8*$!
{
	archiveVersion = 1;
	classes = {
	};
	objectVersion = 52;
	objects = {

/* Begin PBXBuildFile section */
		8515B33D26254C8300A886BD /* GradientMakerView.swift in Sources */ = {isa = PBXBuildFile; fileRef = 8515B33C26254C8300A886BD /* GradientMakerView.swift */; };
		8515B342262554A700A886BD /* GradientController.swift in Sources */ = {isa = PBXBuildFile; fileRef = 8515B341262554A700A886BD /* GradientController.swift */; };
		8515B3472625EC6300A886BD /* FrontView.swift in Sources */ = {isa = PBXBuildFile; fileRef = 8515B3462625EC6300A886BD /* FrontView.swift */; };
		8515B35E26263C6100A886BD /* MaterialEditView.swift in Sources */ = {isa = PBXBuildFile; fileRef = 8515B35D26263C6100A886BD /* MaterialEditView.swift */; };
		8515B36A26263FFE00A886BD /* MaterialModel.swift in Sources */ = {isa = PBXBuildFile; fileRef = 8515B36926263FFE00A886BD /* MaterialModel.swift */; };
		8515B372262743D000A886BD /* TerrainView.swift in Sources */ = {isa = PBXBuildFile; fileRef = 8515B371262743D000A886BD /* TerrainView.swift */; };
		8515B3D52628A58B00A886BD /* LocalDatabase.swift in Sources */ = {isa = PBXBuildFile; fileRef = 8515B3D42628A58B00A886BD /* LocalDatabase.swift */; };
		8515B3DC2628B16600A886BD /* CompositionView.swift in Sources */ = {isa = PBXBuildFile; fileRef = 8515B3DB2628B16600A886BD /* CompositionView.swift */; };
		8515B46D262D3B3B00A886BD /* TopBar.swift in Sources */ = {isa = PBXBuildFile; fileRef = 8515B46C262D3B3B00A886BD /* TopBar.swift */; };
		8515B474262E124300A886BD /* ImageFXView.swift in Sources */ = {isa = PBXBuildFile; fileRef = 8515B473262E124300A886BD /* ImageFXView.swift */; };
		8515B47C262E4B5F00A886BD /* FXBlurrView.swift in Sources */ = {isa = PBXBuildFile; fileRef = 8515B47B262E4B5F00A886BD /* FXBlurrView.swift */; };
		8515B480262E7DDA00A886BD /* FXColorView.swift in Sources */ = {isa = PBXBuildFile; fileRef = 8515B47F262E7DDA00A886BD /* FXColorView.swift */; };
		8541531B2648680B007C926B /* AppConstants.swift in Sources */ = {isa = PBXBuildFile; fileRef = 8541531A2648680B007C926B /* AppConstants.swift */; };
		855053732644F38B00A577E2 /* SMNodeRow.swift in Sources */ = {isa = PBXBuildFile; fileRef = 855053722644F38B00A577E2 /* SMNodeRow.swift */; };
		855053752646A50B00A577E2 /* SMMaterialView.swift in Sources */ = {isa = PBXBuildFile; fileRef = 855053742646A50B00A577E2 /* SMMaterialView.swift */; };
		856491D02578100B00D1FE00 /* AppDelegate.swift in Sources */ = {isa = PBXBuildFile; fileRef = 856491CF2578100B00D1FE00 /* AppDelegate.swift */; };
		856491D52578100B00D1FE00 /* Scene_Machine.xcdatamodeld in Sources */ = {isa = PBXBuildFile; fileRef = 856491D32578100B00D1FE00 /* Scene_Machine.xcdatamodeld */; };
		856491D72578100C00D1FE00 /* Assets.xcassets in Resources */ = {isa = PBXBuildFile; fileRef = 856491D62578100C00D1FE00 /* Assets.xcassets */; };
		856491DD2578100C00D1FE00 /* Main.storyboard in Resources */ = {isa = PBXBuildFile; fileRef = 856491DB2578100C00D1FE00 /* Main.storyboard */; };
		856491E92578100D00D1FE00 /* Scene_MachineTests.swift in Sources */ = {isa = PBXBuildFile; fileRef = 856491E82578100D00D1FE00 /* Scene_MachineTests.swift */; };
		85649219257953A900D1FE00 /* ImageCompositionController.swift in Sources */ = {isa = PBXBuildFile; fileRef = 85649218257953A900D1FE00 /* ImageCompositionController.swift */; };
		856492222579547900D1FE00 /* ImageCompositionView.swift in Sources */ = {isa = PBXBuildFile; fileRef = 856492212579547900D1FE00 /* ImageCompositionView.swift */; };
		8564922A25795F3C00D1FE00 /* DragDropView.swift in Sources */ = {isa = PBXBuildFile; fileRef = 8564922925795F3C00D1FE00 /* DragDropView.swift */; };
		8564922F25796F9C00D1FE00 /* TestImageDragDrop.swift in Sources */ = {isa = PBXBuildFile; fileRef = 8564922E25796F9C00D1FE00 /* TestImageDragDrop.swift */; };
		85649239257976C700D1FE00 /* Scenes.scnassets in Resources */ = {isa = PBXBuildFile; fileRef = 85649238257976C700D1FE00 /* Scenes.scnassets */; };
		8564923E2579828100D1FE00 /* dissolve.fragment.txt in Resources */ = {isa = PBXBuildFile; fileRef = 8564923D2579828100D1FE00 /* dissolve.fragment.txt */; };
		85771BCD2633D08F001A2B88 /* InputViews.swift in Sources */ = {isa = PBXBuildFile; fileRef = 85771BCC2633D08F001A2B88 /* InputViews.swift */; };
		857A93CD26124F3F004FFEBB /* QuickNoiseView.swift in Sources */ = {isa = PBXBuildFile; fileRef = 857A93CC26124F3F004FFEBB /* QuickNoiseView.swift */; };
		857A93D226124FE7004FFEBB /* QuickNoiseController.swift in Sources */ = {isa = PBXBuildFile; fileRef = 857A93D126124FE7004FFEBB /* QuickNoiseController.swift */; };
		857A93E526126613004FFEBB /* SpriteNoiseMaker.swift in Sources */ = {isa = PBXBuildFile; fileRef = 857A93E426126613004FFEBB /* SpriteNoiseMaker.swift */; };
		857C473426371D06006C6A32 /* MetalNoiseView.swift in Sources */ = {isa = PBXBuildFile; fileRef = 857C473326371D06006C6A32 /* MetalNoiseView.swift */; };
		857C47382637370F006C6A32 /* MetalTilesView.swift in Sources */ = {isa = PBXBuildFile; fileRef = 857C47372637370F006C6A32 /* MetalTilesView.swift */; };
		857C5FE8263F73800095E3B4 /* DrawingPadViews.swift in Sources */ = {isa = PBXBuildFile; fileRef = 857C5FE7263F73800095E3B4 /* DrawingPadViews.swift */; };
		85885EF626520B1B00E98855 /* HelpCharacterModeling.swift in Sources */ = {isa = PBXBuildFile; fileRef = 85885EF526520B1B00E98855 /* HelpCharacterModeling.swift */; };
		85885EF82656B5E200E98855 /* MaterialMachineView.swift in Sources */ = {isa = PBXBuildFile; fileRef = 85885EF72656B5E200E98855 /* MaterialMachineView.swift */; };
		85885EFA2656BD3300E98855 /* MaterialMachineController.swift in Sources */ = {isa = PBXBuildFile; fileRef = 85885EF92656BD3300E98855 /* MaterialMachineController.swift */; };
		858C459F26658F8B00AB830B /* ExplorerTest.swift in Sources */ = {isa = PBXBuildFile; fileRef = 858C459E26658F8B00AB830B /* ExplorerTest.swift */; };
		858C45A226667F0B00AB830B /* ExplorerController.swift in Sources */ = {isa = PBXBuildFile; fileRef = 858C45A126667F0B00AB830B /* ExplorerController.swift */; };
		859241FF265B7FE9001D503D /* UVMapView.swift in Sources */ = {isa = PBXBuildFile; fileRef = 859241FE265B7FE9001D503D /* UVMapView.swift */; };
		85941FB8264E3D6900A3CAF6 /* Drawing.swift in Sources */ = {isa = PBXBuildFile; fileRef = 85941FB7264E3D6900A3CAF6 /* Drawing.swift */; };
		85941FBB264EEA3500A3CAF6 /* DrawingPadToolbar.swift in Sources */ = {isa = PBXBuildFile; fileRef = 85941FBA264EEA3500A3CAF6 /* DrawingPadToolbar.swift */; };
		85941FBD264EF85700A3CAF6 /* DrawingPadController.swift in Sources */ = {isa = PBXBuildFile; fileRef = 85941FBC264EF85700A3CAF6 /* DrawingPadController.swift */; };
		85941FBF265018FB00A3CAF6 /* PencilToolbar.swift in Sources */ = {isa = PBXBuildFile; fileRef = 85941FBE265018FB00A3CAF6 /* PencilToolbar.swift */; };
		85941FC126501B0600A3CAF6 /* PenToolbar.swift in Sources */ = {isa = PBXBuildFile; fileRef = 85941FC026501B0600A3CAF6 /* PenToolbar.swift */; };
		85941FC426506FA500A3CAF6 /* ToolDrawingPads.swift in Sources */ = {isa = PBXBuildFile; fileRef = 85941FC326506FA500A3CAF6 /* ToolDrawingPads.swift */; };
		85941FC72650730300A3CAF6 /* ShapeToolBar.swift in Sources */ = {isa = PBXBuildFile; fileRef = 85941FC62650730300A3CAF6 /* ShapeToolBar.swift */; };
		85954043261C3144001D9040 /* SpriteKitNoiseController.swift in Sources */ = {isa = PBXBuildFile; fileRef = 85954042261C3144001D9040 /* SpriteKitNoiseController.swift */; };
		8597BB7E25BCA8B200C705A0 /* ImageFXController.swift in Sources */ = {isa = PBXBuildFile; fileRef = 8597BB7D25BCA8B200C705A0 /* ImageFXController.swift */; };
		8597BB8425BCAEF600C705A0 /* Metal.metal in Sources */ = {isa = PBXBuildFile; fileRef = 8597BB8325BCAEF600C705A0 /* Metal.metal */; };
		85A4776026407D4800F93AB3 /* HelpMainView.swift in Sources */ = {isa = PBXBuildFile; fileRef = 85A4775F26407D4800F93AB3 /* HelpMainView.swift */; };
		85A4776D2642EE1C00F93AB3 /* FXOtherView.swift in Sources */ = {isa = PBXBuildFile; fileRef = 85A4776C2642EE1C00F93AB3 /* FXOtherView.swift */; };
		85B913352631057E0065D6D2 /* SceneKit+Extensions.swift in Sources */ = {isa = PBXBuildFile; fileRef = 85B913342631057E0065D6D2 /* SceneKit+Extensions.swift */; };
		85B913402631C00E0065D6D2 /* GraphicsImageRenderer.swift in Sources */ = {isa = PBXBuildFile; fileRef = 85B9133F2631C00E0065D6D2 /* GraphicsImageRenderer.swift */; };
		85B913412631C00E0065D6D2 /* GraphicsImageRenderer.swift in Sources */ = {isa = PBXBuildFile; fileRef = 85B9133F2631C00E0065D6D2 /* GraphicsImageRenderer.swift */; };
		85B9134C2631C13B0065D6D2 /* SwiftUI+Extensions.swift in Sources */ = {isa = PBXBuildFile; fileRef = 85B9134B2631C13B0065D6D2 /* SwiftUI+Extensions.swift */; };
		85B9134D2631C13B0065D6D2 /* SwiftUI+Extensions.swift in Sources */ = {isa = PBXBuildFile; fileRef = 85B9134B2631C13B0065D6D2 /* SwiftUI+Extensions.swift */; };
		85B9135B263298790065D6D2 /* CausticNoise.swift in Sources */ = {isa = PBXBuildFile; fileRef = 85B9135A263298790065D6D2 /* CausticNoise.swift */; };
		85B9135C263298790065D6D2 /* CausticNoise.swift in Sources */ = {isa = PBXBuildFile; fileRef = 85B9135A263298790065D6D2 /* CausticNoise.swift */; };
		85B91362263298D20065D6D2 /* LensFlare.swift in Sources */ = {isa = PBXBuildFile; fileRef = 85B91361263298D20065D6D2 /* LensFlare.swift */; };
		85B91363263298D20065D6D2 /* LensFlare.swift in Sources */ = {isa = PBXBuildFile; fileRef = 85B91361263298D20065D6D2 /* LensFlare.swift */; };
		85B9136F263299CB0065D6D2 /* HexagonFilter.swift in Sources */ = {isa = PBXBuildFile; fileRef = 85B9136E263299CB0065D6D2 /* HexagonFilter.swift */; };
		85B91370263299CB0065D6D2 /* HexagonFilter.swift in Sources */ = {isa = PBXBuildFile; fileRef = 85B9136E263299CB0065D6D2 /* HexagonFilter.swift */; };
		85B9137926329A3A0065D6D2 /* CoreImage+Extensions.swift in Sources */ = {isa = PBXBuildFile; fileRef = 85B9137826329A3A0065D6D2 /* CoreImage+Extensions.swift */; };
		85B9137A26329A3A0065D6D2 /* CoreImage+Extensions.swift in Sources */ = {isa = PBXBuildFile; fileRef = 85B9137826329A3A0065D6D2 /* CoreImage+Extensions.swift */; };
		85B9138226329DED0065D6D2 /* MetalGenView.swift in Sources */ = {isa = PBXBuildFile; fileRef = 85B9138126329DED0065D6D2 /* MetalGenView.swift */; };
		85B9138326329DED0065D6D2 /* MetalGenView.swift in Sources */ = {isa = PBXBuildFile; fileRef = 85B9138126329DED0065D6D2 /* MetalGenView.swift */; };
		85C282FA266C1A8C00044A75 /* HighlightedTextEditor in Frameworks */ = {isa = PBXBuildFile; productRef = 85C282F9266C1A8C00044A75 /* HighlightedTextEditor */; };
		85C282FC266C1BDD00044A75 /* MarkdownEditor.swift in Sources */ = {isa = PBXBuildFile; fileRef = 85C282FB266C1BDD00044A75 /* MarkdownEditor.swift */; };
		85CB435F263CABC0006E4B10 /* Kernels2.ci.metal in Sources */ = {isa = PBXBuildFile; fileRef = 85CB435E263CABC0006E4B10 /* Kernels2.ci.metal */; };
		85CB4361263D0D9A006E4B10 /* DrawingView.swift in Sources */ = {isa = PBXBuildFile; fileRef = 85CB4360263D0D9A006E4B10 /* DrawingView.swift */; };
		85D1BC61265C2E7D009D70DC /* MacNotesTextView.swift in Sources */ = {isa = PBXBuildFile; fileRef = 85D1BC60265C2E7D009D70DC /* MacNotesTextView.swift */; };
		85D1BC64265D6896009D70DC /* SMUVMapView.swift in Sources */ = {isa = PBXBuildFile; fileRef = 85D1BC63265D6896009D70DC /* SMUVMapView.swift */; };
		85D1BC66265D734B009D70DC /* SMSceneConfigView.swift in Sources */ = {isa = PBXBuildFile; fileRef = 85D1BC65265D734B009D70DC /* SMSceneConfigView.swift */; };
		85D1BC68265E03C4009D70DC /* MMNodeView.swift in Sources */ = {isa = PBXBuildFile; fileRef = 85D1BC67265E03C4009D70DC /* MMNodeView.swift */; };
		85D1BC6B265F6C66009D70DC /* PencilKitView.swift in Sources */ = {isa = PBXBuildFile; fileRef = 85D1BC6A265F6C66009D70DC /* PencilKitView.swift */; };
		85D1BC6E26600C30009D70DC /* MMNodeFXView.swift in Sources */ = {isa = PBXBuildFile; fileRef = 85D1BC6D26600C30009D70DC /* MMNodeFXView.swift */; };
		85D1BC702660244B009D70DC /* HelpPencilKitView.swift in Sources */ = {isa = PBXBuildFile; fileRef = 85D1BC6F2660244B009D70DC /* HelpPencilKitView.swift */; };
		85D1BC722660347D009D70DC /* MMModeView.swift in Sources */ = {isa = PBXBuildFile; fileRef = 85D1BC712660347D009D70DC /* MMModeView.swift */; };
		85D1BC742663418F009D70DC /* TileComposerView.swift in Sources */ = {isa = PBXBuildFile; fileRef = 85D1BC732663418F009D70DC /* TileComposerView.swift */; };
		85D3E7CB26390FAF00D693FA /* SceneMachineView.swift in Sources */ = {isa = PBXBuildFile; fileRef = 85D3E7CA26390FAF00D693FA /* SceneMachineView.swift */; };
		85D3E7CF26390FC500D693FA /* SceneMachineController.swift in Sources */ = {isa = PBXBuildFile; fileRef = 85D3E7CE26390FC500D693FA /* SceneMachineController.swift */; };
		85DEFC682643AFC8003DEC36 /* MercurializeFilter.swift in Sources */ = {isa = PBXBuildFile; fileRef = 85DEFC672643AFC8003DEC36 /* MercurializeFilter.swift */; };
		85E840972667FD6F00CFD8ED /* Generators.ci.metal in Sources */ = {isa = PBXBuildFile; fileRef = 85E840962667FD6F00CFD8ED /* Generators.ci.metal */; };
		85E840992669E51E00CFD8ED /* SMShaderEditView.swift in Sources */ = {isa = PBXBuildFile; fileRef = 85E840982669E51E00CFD8ED /* SMShaderEditView.swift */; };
		85E8409B266A8EF600CFD8ED /* TileFilters.swift in Sources */ = {isa = PBXBuildFile; fileRef = 85E8409A266A8EF600CFD8ED /* TileFilters.swift */; };
		85E8409D266A91FF00CFD8ED /* NoiseFilters.swift in Sources */ = {isa = PBXBuildFile; fileRef = 85E8409C266A91FF00CFD8ED /* NoiseFilters.swift */; };
		85E8409F266A93BE00CFD8ED /* ImageFXFilters.swift in Sources */ = {isa = PBXBuildFile; fileRef = 85E8409E266A93BE00CFD8ED /* ImageFXFilters.swift */; };
		85F34A992649B5C2002F949E /* SMShapeEditorView.swift in Sources */ = {isa = PBXBuildFile; fileRef = 85F34A982649B5C2002F949E /* SMShapeEditorView.swift */; };
		85FAF34C263C511300081ED8 /* FXDistortView.swift in Sources */ = {isa = PBXBuildFile; fileRef = 85FAF34B263C511300081ED8 /* FXDistortView.swift */; };
		85FAF34E263C512B00081ED8 /* FXStylizeView.swift in Sources */ = {isa = PBXBuildFile; fileRef = 85FAF34D263C512B00081ED8 /* FXStylizeView.swift */; };
		85FAF350263C6B7600081ED8 /* PhongShader.metal in Sources */ = {isa = PBXBuildFile; fileRef = 85FAF34F263C6B7600081ED8 /* PhongShader.metal */; };
		85FFB7362639C16F00E8FE0A /* MetalGenController.swift in Sources */ = {isa = PBXBuildFile; fileRef = 85FFB7352639C16F00E8FE0A /* MetalGenController.swift */; };
		85FFB73A2639DA0100E8FE0A /* MetalOverlaysView.swift in Sources */ = {isa = PBXBuildFile; fileRef = 85FFB7392639DA0100E8FE0A /* MetalOverlaysView.swift */; };
		85FFB73E2639DA1700E8FE0A /* MetalOthersView.swift in Sources */ = {isa = PBXBuildFile; fileRef = 85FFB73D2639DA1700E8FE0A /* MetalOthersView.swift */; };
/* End PBXBuildFile section */

/* Begin PBXBuildRule section */
		85CB435C263CA9EA006E4B10 /* PBXBuildRule */ = {
			isa = PBXBuildRule;
			compilerSpec = com.apple.compilers.proxy.script;
			filePatterns = "*.ci.metal";
			fileType = pattern.proxy;
			inputFiles = (
			);
			isEditable = 1;
			outputFiles = (
				"$(DERIVED_FILE_DIR)/$(INPUT_FILE_BASE).air",
			);
			runOncePerArchitecture = 0;
			script = "# Type a script or drag a script file from your workspace to insert its path.\nxcrun metal -c -I $MTL_HEADER_SEARCH_PATHS -fcikernel \"${INPUT_FILE_PATH}\" -o \"${SCRIPT_OUTPUT_FILE_0}\"\n";
		};
		85CB435D263CAABE006E4B10 /* PBXBuildRule */ = {
			isa = PBXBuildRule;
			compilerSpec = com.apple.compilers.proxy.script;
			filePatterns = "*.ci.air";
			fileType = pattern.proxy;
			inputFiles = (
			);
			isEditable = 1;
			outputFiles = (
				"$(METAL_LIBRARY_OUTPUT_DIR)/$(INPUT_FILE_BASE).metallib",
			);
			runOncePerArchitecture = 0;
			script = "# Type a script or drag a script file from your workspace to insert its path.\nxcrun metallib -cikernel \"${INPUT_FILE_PATH}\" -o \"${SCRIPT_OUTPUT_FILE_0}\"\n";
		};
/* End PBXBuildRule section */

/* Begin PBXContainerItemProxy section */
		856491E52578100D00D1FE00 /* PBXContainerItemProxy */ = {
			isa = PBXContainerItemProxy;
			containerPortal = 856491C42578100B00D1FE00 /* Project object */;
			proxyType = 1;
			remoteGlobalIDString = 856491CB2578100B00D1FE00;
			remoteInfo = "Scene Machine";
		};
/* End PBXContainerItemProxy section */

/* Begin PBXFileReference section */
		8515B33C26254C8300A886BD /* GradientMakerView.swift */ = {isa = PBXFileReference; lastKnownFileType = sourcecode.swift; path = GradientMakerView.swift; sourceTree = "<group>"; };
		8515B341262554A700A886BD /* GradientController.swift */ = {isa = PBXFileReference; lastKnownFileType = sourcecode.swift; path = GradientController.swift; sourceTree = "<group>"; };
		8515B3462625EC6300A886BD /* FrontView.swift */ = {isa = PBXFileReference; lastKnownFileType = sourcecode.swift; path = FrontView.swift; sourceTree = "<group>"; };
		8515B35D26263C6100A886BD /* MaterialEditView.swift */ = {isa = PBXFileReference; lastKnownFileType = sourcecode.swift; path = MaterialEditView.swift; sourceTree = "<group>"; };
		8515B36926263FFE00A886BD /* MaterialModel.swift */ = {isa = PBXFileReference; lastKnownFileType = sourcecode.swift; path = MaterialModel.swift; sourceTree = "<group>"; };
		8515B371262743D000A886BD /* TerrainView.swift */ = {isa = PBXFileReference; lastKnownFileType = sourcecode.swift; path = TerrainView.swift; sourceTree = "<group>"; };
		8515B3D42628A58B00A886BD /* LocalDatabase.swift */ = {isa = PBXFileReference; lastKnownFileType = sourcecode.swift; path = LocalDatabase.swift; sourceTree = "<group>"; };
		8515B3DB2628B16600A886BD /* CompositionView.swift */ = {isa = PBXFileReference; lastKnownFileType = sourcecode.swift; path = CompositionView.swift; sourceTree = "<group>"; };
		8515B46C262D3B3B00A886BD /* TopBar.swift */ = {isa = PBXFileReference; lastKnownFileType = sourcecode.swift; path = TopBar.swift; sourceTree = "<group>"; };
		8515B473262E124300A886BD /* ImageFXView.swift */ = {isa = PBXFileReference; lastKnownFileType = sourcecode.swift; path = ImageFXView.swift; sourceTree = "<group>"; };
		8515B47B262E4B5F00A886BD /* FXBlurrView.swift */ = {isa = PBXFileReference; lastKnownFileType = sourcecode.swift; path = FXBlurrView.swift; sourceTree = "<group>"; };
		8515B47F262E7DDA00A886BD /* FXColorView.swift */ = {isa = PBXFileReference; lastKnownFileType = sourcecode.swift; path = FXColorView.swift; sourceTree = "<group>"; };
		8541531A2648680B007C926B /* AppConstants.swift */ = {isa = PBXFileReference; lastKnownFileType = sourcecode.swift; path = AppConstants.swift; sourceTree = "<group>"; };
		8541531C264871AE007C926B /* ShadersReadme.md */ = {isa = PBXFileReference; lastKnownFileType = net.daringfireball.markdown; path = ShadersReadme.md; sourceTree = "<group>"; };
		855053722644F38B00A577E2 /* SMNodeRow.swift */ = {isa = PBXFileReference; lastKnownFileType = sourcecode.swift; path = SMNodeRow.swift; sourceTree = "<group>"; };
		855053742646A50B00A577E2 /* SMMaterialView.swift */ = {isa = PBXFileReference; lastKnownFileType = sourcecode.swift; path = SMMaterialView.swift; sourceTree = "<group>"; };
		856491CC2578100B00D1FE00 /* Scene Machine.app */ = {isa = PBXFileReference; explicitFileType = wrapper.application; includeInIndex = 0; path = "Scene Machine.app"; sourceTree = BUILT_PRODUCTS_DIR; };
		856491CF2578100B00D1FE00 /* AppDelegate.swift */ = {isa = PBXFileReference; lastKnownFileType = sourcecode.swift; path = AppDelegate.swift; sourceTree = "<group>"; };
		856491D42578100B00D1FE00 /* Scene_Machine.xcdatamodel */ = {isa = PBXFileReference; lastKnownFileType = wrapper.xcdatamodel; path = Scene_Machine.xcdatamodel; sourceTree = "<group>"; };
		856491D62578100C00D1FE00 /* Assets.xcassets */ = {isa = PBXFileReference; lastKnownFileType = folder.assetcatalog; path = Assets.xcassets; sourceTree = "<group>"; };
		856491DC2578100C00D1FE00 /* Base */ = {isa = PBXFileReference; lastKnownFileType = file.storyboard; name = Base; path = Base.lproj/Main.storyboard; sourceTree = "<group>"; };
		856491DE2578100C00D1FE00 /* Info.plist */ = {isa = PBXFileReference; lastKnownFileType = text.plist.xml; path = Info.plist; sourceTree = "<group>"; };
		856491DF2578100C00D1FE00 /* Scene_Machine.entitlements */ = {isa = PBXFileReference; lastKnownFileType = text.plist.entitlements; path = Scene_Machine.entitlements; sourceTree = "<group>"; };
		856491E42578100D00D1FE00 /* Scene MachineTests.xctest */ = {isa = PBXFileReference; explicitFileType = wrapper.cfbundle; includeInIndex = 0; path = "Scene MachineTests.xctest"; sourceTree = BUILT_PRODUCTS_DIR; };
		856491E82578100D00D1FE00 /* Scene_MachineTests.swift */ = {isa = PBXFileReference; lastKnownFileType = sourcecode.swift; path = Scene_MachineTests.swift; sourceTree = "<group>"; };
		856491EA2578100D00D1FE00 /* Info.plist */ = {isa = PBXFileReference; lastKnownFileType = text.plist.xml; path = Info.plist; sourceTree = "<group>"; };
		856492042578AECF00D1FE00 /* README.md */ = {isa = PBXFileReference; lastKnownFileType = net.daringfireball.markdown; path = README.md; sourceTree = "<group>"; };
		85649218257953A900D1FE00 /* ImageCompositionController.swift */ = {isa = PBXFileReference; lastKnownFileType = sourcecode.swift; path = ImageCompositionController.swift; sourceTree = "<group>"; };
		856492212579547900D1FE00 /* ImageCompositionView.swift */ = {isa = PBXFileReference; lastKnownFileType = sourcecode.swift; path = ImageCompositionView.swift; sourceTree = "<group>"; };
		8564922925795F3C00D1FE00 /* DragDropView.swift */ = {isa = PBXFileReference; lastKnownFileType = sourcecode.swift; path = DragDropView.swift; sourceTree = "<group>"; };
		8564922E25796F9C00D1FE00 /* TestImageDragDrop.swift */ = {isa = PBXFileReference; lastKnownFileType = sourcecode.swift; path = TestImageDragDrop.swift; sourceTree = "<group>"; };
		85649238257976C700D1FE00 /* Scenes.scnassets */ = {isa = PBXFileReference; lastKnownFileType = wrapper.scnassets; path = Scenes.scnassets; sourceTree = "<group>"; };
		8564923D2579828100D1FE00 /* dissolve.fragment.txt */ = {isa = PBXFileReference; fileEncoding = 4; lastKnownFileType = text; path = dissolve.fragment.txt; sourceTree = "<group>"; };
		85771BCC2633D08F001A2B88 /* InputViews.swift */ = {isa = PBXFileReference; lastKnownFileType = sourcecode.swift; path = InputViews.swift; sourceTree = "<group>"; };
		857A93CC26124F3F004FFEBB /* QuickNoiseView.swift */ = {isa = PBXFileReference; lastKnownFileType = sourcecode.swift; path = QuickNoiseView.swift; sourceTree = "<group>"; };
		857A93D126124FE7004FFEBB /* QuickNoiseController.swift */ = {isa = PBXFileReference; lastKnownFileType = sourcecode.swift; path = QuickNoiseController.swift; sourceTree = "<group>"; };
		857A93E426126613004FFEBB /* SpriteNoiseMaker.swift */ = {isa = PBXFileReference; lastKnownFileType = sourcecode.swift; path = SpriteNoiseMaker.swift; sourceTree = "<group>"; };
		857C473326371D06006C6A32 /* MetalNoiseView.swift */ = {isa = PBXFileReference; lastKnownFileType = sourcecode.swift; path = MetalNoiseView.swift; sourceTree = "<group>"; };
		857C47372637370F006C6A32 /* MetalTilesView.swift */ = {isa = PBXFileReference; lastKnownFileType = sourcecode.swift; path = MetalTilesView.swift; sourceTree = "<group>"; };
		857C5FE7263F73800095E3B4 /* DrawingPadViews.swift */ = {isa = PBXFileReference; lastKnownFileType = sourcecode.swift; path = DrawingPadViews.swift; sourceTree = "<group>"; };
		85885EF526520B1B00E98855 /* HelpCharacterModeling.swift */ = {isa = PBXFileReference; lastKnownFileType = sourcecode.swift; path = HelpCharacterModeling.swift; sourceTree = "<group>"; };
		85885EF72656B5E200E98855 /* MaterialMachineView.swift */ = {isa = PBXFileReference; lastKnownFileType = sourcecode.swift; path = MaterialMachineView.swift; sourceTree = "<group>"; };
		85885EF92656BD3300E98855 /* MaterialMachineController.swift */ = {isa = PBXFileReference; lastKnownFileType = sourcecode.swift; path = MaterialMachineController.swift; sourceTree = "<group>"; };
		858C459E26658F8B00AB830B /* ExplorerTest.swift */ = {isa = PBXFileReference; lastKnownFileType = sourcecode.swift; path = ExplorerTest.swift; sourceTree = "<group>"; };
		858C45A126667F0B00AB830B /* ExplorerController.swift */ = {isa = PBXFileReference; lastKnownFileType = sourcecode.swift; path = ExplorerController.swift; sourceTree = "<group>"; };
		859241FE265B7FE9001D503D /* UVMapView.swift */ = {isa = PBXFileReference; lastKnownFileType = sourcecode.swift; path = UVMapView.swift; sourceTree = "<group>"; };
		85941FB7264E3D6900A3CAF6 /* Drawing.swift */ = {isa = PBXFileReference; lastKnownFileType = sourcecode.swift; path = Drawing.swift; sourceTree = "<group>"; };
		85941FB9264E452D00A3CAF6 /* ModelReadme.md */ = {isa = PBXFileReference; lastKnownFileType = net.daringfireball.markdown; path = ModelReadme.md; sourceTree = "<group>"; };
		85941FBA264EEA3500A3CAF6 /* DrawingPadToolbar.swift */ = {isa = PBXFileReference; lastKnownFileType = sourcecode.swift; path = DrawingPadToolbar.swift; sourceTree = "<group>"; };
		85941FBC264EF85700A3CAF6 /* DrawingPadController.swift */ = {isa = PBXFileReference; lastKnownFileType = sourcecode.swift; path = DrawingPadController.swift; sourceTree = "<group>"; };
		85941FBE265018FB00A3CAF6 /* PencilToolbar.swift */ = {isa = PBXFileReference; lastKnownFileType = sourcecode.swift; path = PencilToolbar.swift; sourceTree = "<group>"; };
		85941FC026501B0600A3CAF6 /* PenToolbar.swift */ = {isa = PBXFileReference; lastKnownFileType = sourcecode.swift; path = PenToolbar.swift; sourceTree = "<group>"; };
		85941FC326506FA500A3CAF6 /* ToolDrawingPads.swift */ = {isa = PBXFileReference; lastKnownFileType = sourcecode.swift; path = ToolDrawingPads.swift; sourceTree = "<group>"; };
		85941FC62650730300A3CAF6 /* ShapeToolBar.swift */ = {isa = PBXFileReference; lastKnownFileType = sourcecode.swift; path = ShapeToolBar.swift; sourceTree = "<group>"; };
		85954042261C3144001D9040 /* SpriteKitNoiseController.swift */ = {isa = PBXFileReference; lastKnownFileType = sourcecode.swift; path = SpriteKitNoiseController.swift; sourceTree = "<group>"; };
		8597BB7D25BCA8B200C705A0 /* ImageFXController.swift */ = {isa = PBXFileReference; lastKnownFileType = sourcecode.swift; path = ImageFXController.swift; sourceTree = "<group>"; };
		8597BB8325BCAEF600C705A0 /* Metal.metal */ = {isa = PBXFileReference; lastKnownFileType = sourcecode.metal; path = Metal.metal; sourceTree = "<group>"; };
		85A4775F26407D4800F93AB3 /* HelpMainView.swift */ = {isa = PBXFileReference; lastKnownFileType = sourcecode.swift; path = HelpMainView.swift; sourceTree = "<group>"; };
		85A4776C2642EE1C00F93AB3 /* FXOtherView.swift */ = {isa = PBXFileReference; lastKnownFileType = sourcecode.swift; path = FXOtherView.swift; sourceTree = "<group>"; };
		85B913342631057E0065D6D2 /* SceneKit+Extensions.swift */ = {isa = PBXFileReference; lastKnownFileType = sourcecode.swift; path = "SceneKit+Extensions.swift"; sourceTree = "<group>"; };
		85B9133F2631C00E0065D6D2 /* GraphicsImageRenderer.swift */ = {isa = PBXFileReference; lastKnownFileType = sourcecode.swift; path = GraphicsImageRenderer.swift; sourceTree = "<group>"; };
		85B9134B2631C13B0065D6D2 /* SwiftUI+Extensions.swift */ = {isa = PBXFileReference; lastKnownFileType = sourcecode.swift; path = "SwiftUI+Extensions.swift"; sourceTree = "<group>"; };
		85B9135A263298790065D6D2 /* CausticNoise.swift */ = {isa = PBXFileReference; lastKnownFileType = sourcecode.swift; path = CausticNoise.swift; sourceTree = "<group>"; };
		85B91361263298D20065D6D2 /* LensFlare.swift */ = {isa = PBXFileReference; lastKnownFileType = sourcecode.swift; path = LensFlare.swift; sourceTree = "<group>"; };
		85B9136E263299CB0065D6D2 /* HexagonFilter.swift */ = {isa = PBXFileReference; lastKnownFileType = sourcecode.swift; path = HexagonFilter.swift; sourceTree = "<group>"; };
		85B9137826329A3A0065D6D2 /* CoreImage+Extensions.swift */ = {isa = PBXFileReference; lastKnownFileType = sourcecode.swift; path = "CoreImage+Extensions.swift"; sourceTree = "<group>"; };
		85B9138126329DED0065D6D2 /* MetalGenView.swift */ = {isa = PBXFileReference; lastKnownFileType = sourcecode.swift; path = MetalGenView.swift; sourceTree = "<group>"; };
		85C282FB266C1BDD00044A75 /* MarkdownEditor.swift */ = {isa = PBXFileReference; lastKnownFileType = sourcecode.swift; path = MarkdownEditor.swift; sourceTree = "<group>"; };
		85CB435E263CABC0006E4B10 /* Kernels2.ci.metal */ = {isa = PBXFileReference; lastKnownFileType = sourcecode.metal; path = Kernels2.ci.metal; sourceTree = "<group>"; };
		85CB4360263D0D9A006E4B10 /* DrawingView.swift */ = {isa = PBXFileReference; lastKnownFileType = sourcecode.swift; path = DrawingView.swift; sourceTree = "<group>"; };
		85D1BC60265C2E7D009D70DC /* MacNotesTextView.swift */ = {isa = PBXFileReference; fileEncoding = 4; lastKnownFileType = sourcecode.swift; path = MacNotesTextView.swift; sourceTree = "<group>"; };
		85D1BC63265D6896009D70DC /* SMUVMapView.swift */ = {isa = PBXFileReference; lastKnownFileType = sourcecode.swift; path = SMUVMapView.swift; sourceTree = "<group>"; };
		85D1BC65265D734B009D70DC /* SMSceneConfigView.swift */ = {isa = PBXFileReference; lastKnownFileType = sourcecode.swift; path = SMSceneConfigView.swift; sourceTree = "<group>"; };
		85D1BC67265E03C4009D70DC /* MMNodeView.swift */ = {isa = PBXFileReference; lastKnownFileType = sourcecode.swift; path = MMNodeView.swift; sourceTree = "<group>"; };
		85D1BC6A265F6C66009D70DC /* PencilKitView.swift */ = {isa = PBXFileReference; lastKnownFileType = sourcecode.swift; path = PencilKitView.swift; sourceTree = "<group>"; };
		85D1BC6D26600C30009D70DC /* MMNodeFXView.swift */ = {isa = PBXFileReference; lastKnownFileType = sourcecode.swift; path = MMNodeFXView.swift; sourceTree = "<group>"; };
		85D1BC6F2660244B009D70DC /* HelpPencilKitView.swift */ = {isa = PBXFileReference; lastKnownFileType = sourcecode.swift; path = HelpPencilKitView.swift; sourceTree = "<group>"; };
		85D1BC712660347D009D70DC /* MMModeView.swift */ = {isa = PBXFileReference; lastKnownFileType = sourcecode.swift; path = MMModeView.swift; sourceTree = "<group>"; };
		85D1BC732663418F009D70DC /* TileComposerView.swift */ = {isa = PBXFileReference; lastKnownFileType = sourcecode.swift; path = TileComposerView.swift; sourceTree = "<group>"; };
		85D3E7CA26390FAF00D693FA /* SceneMachineView.swift */ = {isa = PBXFileReference; lastKnownFileType = sourcecode.swift; path = SceneMachineView.swift; sourceTree = "<group>"; };
		85D3E7CE26390FC500D693FA /* SceneMachineController.swift */ = {isa = PBXFileReference; lastKnownFileType = sourcecode.swift; path = SceneMachineController.swift; sourceTree = "<group>"; };
		85DEFC672643AFC8003DEC36 /* MercurializeFilter.swift */ = {isa = PBXFileReference; fileEncoding = 4; lastKnownFileType = sourcecode.swift; path = MercurializeFilter.swift; sourceTree = "<group>"; };
		85E840962667FD6F00CFD8ED /* Generators.ci.metal */ = {isa = PBXFileReference; lastKnownFileType = sourcecode.metal; path = Generators.ci.metal; sourceTree = "<group>"; };
		85E840982669E51E00CFD8ED /* SMShaderEditView.swift */ = {isa = PBXFileReference; lastKnownFileType = sourcecode.swift; path = SMShaderEditView.swift; sourceTree = "<group>"; };
		85E8409A266A8EF600CFD8ED /* TileFilters.swift */ = {isa = PBXFileReference; lastKnownFileType = sourcecode.swift; path = TileFilters.swift; sourceTree = "<group>"; };
		85E8409C266A91FF00CFD8ED /* NoiseFilters.swift */ = {isa = PBXFileReference; lastKnownFileType = sourcecode.swift; path = NoiseFilters.swift; sourceTree = "<group>"; };
		85E8409E266A93BE00CFD8ED /* ImageFXFilters.swift */ = {isa = PBXFileReference; lastKnownFileType = sourcecode.swift; path = ImageFXFilters.swift; sourceTree = "<group>"; };
		85F34A982649B5C2002F949E /* SMShapeEditorView.swift */ = {isa = PBXFileReference; lastKnownFileType = sourcecode.swift; path = SMShapeEditorView.swift; sourceTree = "<group>"; };
		85FAF34B263C511300081ED8 /* FXDistortView.swift */ = {isa = PBXFileReference; lastKnownFileType = sourcecode.swift; path = FXDistortView.swift; sourceTree = "<group>"; };
		85FAF34D263C512B00081ED8 /* FXStylizeView.swift */ = {isa = PBXFileReference; lastKnownFileType = sourcecode.swift; path = FXStylizeView.swift; sourceTree = "<group>"; };
		85FAF34F263C6B7600081ED8 /* PhongShader.metal */ = {isa = PBXFileReference; lastKnownFileType = sourcecode.metal; path = PhongShader.metal; sourceTree = "<group>"; };
		85FFB7352639C16F00E8FE0A /* MetalGenController.swift */ = {isa = PBXFileReference; lastKnownFileType = sourcecode.swift; path = MetalGenController.swift; sourceTree = "<group>"; };
		85FFB7392639DA0100E8FE0A /* MetalOverlaysView.swift */ = {isa = PBXFileReference; lastKnownFileType = sourcecode.swift; path = MetalOverlaysView.swift; sourceTree = "<group>"; };
		85FFB73D2639DA1700E8FE0A /* MetalOthersView.swift */ = {isa = PBXFileReference; lastKnownFileType = sourcecode.swift; path = MetalOthersView.swift; sourceTree = "<group>"; };
/* End PBXFileReference section */

/* Begin PBXFrameworksBuildPhase section */
		856491C92578100B00D1FE00 /* Frameworks */ = {
			isa = PBXFrameworksBuildPhase;
			buildActionMask = 2147483647;
			files = (
				85C282FA266C1A8C00044A75 /* HighlightedTextEditor in Frameworks */,
			);
			runOnlyForDeploymentPostprocessing = 0;
		};
		856491E12578100D00D1FE00 /* Frameworks */ = {
			isa = PBXFrameworksBuildPhase;
			buildActionMask = 2147483647;
			files = (
			);
			runOnlyForDeploymentPostprocessing = 0;
		};
/* End PBXFrameworksBuildPhase section */

/* Begin PBXGroup section */
		8515B32D2624E63E00A886BD /* Shaders */ = {
			isa = PBXGroup;
			children = (
				8541531C264871AE007C926B /* ShadersReadme.md */,
				85B91358263297D50065D6D2 /* Filters */,
				8564923D2579828100D1FE00 /* dissolve.fragment.txt */,
				8597BB8325BCAEF600C705A0 /* Metal.metal */,
				85FAF34F263C6B7600081ED8 /* PhongShader.metal */,
				85CB435E263CABC0006E4B10 /* Kernels2.ci.metal */,
				85E840962667FD6F00CFD8ED /* Generators.ci.metal */,
			);
			path = Shaders;
			sourceTree = "<group>";
		};
		8515B32E2624E69800A886BD /* Model */ = {
			isa = PBXGroup;
			children = (
				85941FB9264E452D00A3CAF6 /* ModelReadme.md */,
				8541531A2648680B007C926B /* AppConstants.swift */,
				8515B3D42628A58B00A886BD /* LocalDatabase.swift */,
				85A477672641CE3700F93AB3 /* CoreData */,
				85941FB6264E3D3F00A3CAF6 /* Drawing */,
				8515B36926263FFE00A886BD /* MaterialModel.swift */,
			);
			path = Model;
			sourceTree = "<group>";
		};
		8515B34E26262EB200A886BD /* Scenes */ = {
			isa = PBXGroup;
			children = (
				8515B371262743D000A886BD /* TerrainView.swift */,
				855053712644F33500A577E2 /* Scene Machine */,
				8515B36526263C6A00A886BD /* Materials */,
				85CB4360263D0D9A006E4B10 /* DrawingView.swift */,
				859241FE265B7FE9001D503D /* UVMapView.swift */,
				858C459E26658F8B00AB830B /* ExplorerTest.swift */,
			);
			path = Scenes;
			sourceTree = "<group>";
		};
		8515B36526263C6A00A886BD /* Materials */ = {
			isa = PBXGroup;
			children = (
				85885EF72656B5E200E98855 /* MaterialMachineView.swift */,
				85D1BC6C26600BD3009D70DC /* Nodes */,
				8515B35D26263C6100A886BD /* MaterialEditView.swift */,
			);
			path = Materials;
			sourceTree = "<group>";
		};
		8515B3DA2628B12A00A886BD /* Composition */ = {
			isa = PBXGroup;
			children = (
				8515B3DB2628B16600A886BD /* CompositionView.swift */,
				8564922E25796F9C00D1FE00 /* TestImageDragDrop.swift */,
				8564922925795F3C00D1FE00 /* DragDropView.swift */,
				856492212579547900D1FE00 /* ImageCompositionView.swift */,
				85D1BC732663418F009D70DC /* TileComposerView.swift */,
			);
			path = Composition;
			sourceTree = "<group>";
		};
		8515B472262E121900A886BD /* Image FX */ = {
			isa = PBXGroup;
			children = (
				8515B473262E124300A886BD /* ImageFXView.swift */,
				8515B47B262E4B5F00A886BD /* FXBlurrView.swift */,
				8515B47F262E7DDA00A886BD /* FXColorView.swift */,
				85FAF34B263C511300081ED8 /* FXDistortView.swift */,
				85FAF34D263C512B00081ED8 /* FXStylizeView.swift */,
				85A4776C2642EE1C00F93AB3 /* FXOtherView.swift */,
			);
			path = "Image FX";
			sourceTree = "<group>";
		};
		855053712644F33500A577E2 /* Scene Machine */ = {
			isa = PBXGroup;
			children = (
				85D3E7CA26390FAF00D693FA /* SceneMachineView.swift */,
				855053722644F38B00A577E2 /* SMNodeRow.swift */,
				855053742646A50B00A577E2 /* SMMaterialView.swift */,
				85D1BC62265D6667009D70DC /* Right Views */,
			);
			path = "Scene Machine";
			sourceTree = "<group>";
		};
		856491C32578100B00D1FE00 = {
			isa = PBXGroup;
			children = (
				856492042578AECF00D1FE00 /* README.md */,
				856491CE2578100B00D1FE00 /* Scene Machine */,
				856491E72578100D00D1FE00 /* Scene MachineTests */,
				856491CD2578100B00D1FE00 /* Products */,
			);
			sourceTree = "<group>";
		};
		856491CD2578100B00D1FE00 /* Products */ = {
			isa = PBXGroup;
			children = (
				856491CC2578100B00D1FE00 /* Scene Machine.app */,
				856491E42578100D00D1FE00 /* Scene MachineTests.xctest */,
			);
			name = Products;
			sourceTree = "<group>";
		};
		856491CE2578100B00D1FE00 /* Scene Machine */ = {
			isa = PBXGroup;
			children = (
				856491DB2578100C00D1FE00 /* Main.storyboard */,
				856491CF2578100B00D1FE00 /* AppDelegate.swift */,
				856492172579538B00D1FE00 /* Controllers */,
				856492202579546600D1FE00 /* Views */,
				8515B32E2624E69800A886BD /* Model */,
				8515B32D2624E63E00A886BD /* Shaders */,
				85B91332263105460065D6D2 /* Utilities */,
				856491D62578100C00D1FE00 /* Assets.xcassets */,
				856491DE2578100C00D1FE00 /* Info.plist */,
				856491DF2578100C00D1FE00 /* Scene_Machine.entitlements */,
				857A93C726124CE7004FFEBB /* Preview Content */,
				85649238257976C700D1FE00 /* Scenes.scnassets */,
			);
			path = "Scene Machine";
			sourceTree = "<group>";
		};
		856491E72578100D00D1FE00 /* Scene MachineTests */ = {
			isa = PBXGroup;
			children = (
				856491E82578100D00D1FE00 /* Scene_MachineTests.swift */,
				856491EA2578100D00D1FE00 /* Info.plist */,
			);
			path = "Scene MachineTests";
			sourceTree = "<group>";
		};
		856492172579538B00D1FE00 /* Controllers */ = {
			isa = PBXGroup;
			children = (
				85A477612641B08900F93AB3 /* Generators */,
				85A477622641B0B800F93AB3 /* Image FX */,
				858C45A02666086700AB830B /* Scenes */,
				85941FBC264EF85700A3CAF6 /* DrawingPadController.swift */,
			);
			path = Controllers;
			sourceTree = "<group>";
		};
		856492202579546600D1FE00 /* Views */ = {
			isa = PBXGroup;
			children = (
				8515B3462625EC6300A886BD /* FrontView.swift */,
				8515B46C262D3B3B00A886BD /* TopBar.swift */,
				85771BCB2633D019001A2B88 /* UI Components */,
				857A93CB26124F1F004FFEBB /* NoiseMaker */,
				8515B472262E121900A886BD /* Image FX */,
				8515B3DA2628B12A00A886BD /* Composition */,
				85941FB5264DE3C400A3CAF6 /* Drawing */,
				8515B34E26262EB200A886BD /* Scenes */,
				85A4775E26407D2900F93AB3 /* Help */,
			);
			path = Views;
			sourceTree = "<group>";
		};
		85771BCB2633D019001A2B88 /* UI Components */ = {
			isa = PBXGroup;
			children = (
				85771BCC2633D08F001A2B88 /* InputViews.swift */,
			);
			path = "UI Components";
			sourceTree = "<group>";
		};
		857A93C726124CE7004FFEBB /* Preview Content */ = {
			isa = PBXGroup;
			children = (
			);
			path = "Preview Content";
			sourceTree = "<group>";
		};
		857A93CB26124F1F004FFEBB /* NoiseMaker */ = {
			isa = PBXGroup;
			children = (
				857A93CC26124F3F004FFEBB /* QuickNoiseView.swift */,
				85B9138026329DBB0065D6D2 /* SpriteKit Generators */,
				85B9137F26329DA20065D6D2 /* Metal Generators */,
			);
			path = NoiseMaker;
			sourceTree = "<group>";
		};
		858C45A02666086700AB830B /* Scenes */ = {
			isa = PBXGroup;
			children = (
				85D3E7CE26390FC500D693FA /* SceneMachineController.swift */,
				85885EF92656BD3300E98855 /* MaterialMachineController.swift */,
				858C45A126667F0B00AB830B /* ExplorerController.swift */,
			);
			path = Scenes;
			sourceTree = "<group>";
		};
		85941FB5264DE3C400A3CAF6 /* Drawing */ = {
			isa = PBXGroup;
			children = (
				857C5FE7263F73800095E3B4 /* DrawingPadViews.swift */,
				85941FC226506F7100A3CAF6 /* Drawing Pads */,
				85941FC52650706900A3CAF6 /* Toolbars */,
				85D1BC69265F6C32009D70DC /* Pencil Kit */,
			);
			path = Drawing;
			sourceTree = "<group>";
		};
		85941FB6264E3D3F00A3CAF6 /* Drawing */ = {
			isa = PBXGroup;
			children = (
				85941FB7264E3D6900A3CAF6 /* Drawing.swift */,
			);
			path = Drawing;
			sourceTree = "<group>";
		};
		85941FC226506F7100A3CAF6 /* Drawing Pads */ = {
			isa = PBXGroup;
			children = (
				85941FC326506FA500A3CAF6 /* ToolDrawingPads.swift */,
			);
			path = "Drawing Pads";
			sourceTree = "<group>";
		};
		85941FC52650706900A3CAF6 /* Toolbars */ = {
			isa = PBXGroup;
			children = (
				85941FBA264EEA3500A3CAF6 /* DrawingPadToolbar.swift */,
				85941FBE265018FB00A3CAF6 /* PencilToolbar.swift */,
				85941FC026501B0600A3CAF6 /* PenToolbar.swift */,
				85941FC62650730300A3CAF6 /* ShapeToolBar.swift */,
			);
			path = Toolbars;
			sourceTree = "<group>";
		};
		85A4775E26407D2900F93AB3 /* Help */ = {
			isa = PBXGroup;
			children = (
				85A4775F26407D4800F93AB3 /* HelpMainView.swift */,
				85885EF526520B1B00E98855 /* HelpCharacterModeling.swift */,
				85D1BC60265C2E7D009D70DC /* MacNotesTextView.swift */,
				85D1BC6F2660244B009D70DC /* HelpPencilKitView.swift */,
				85C282FB266C1BDD00044A75 /* MarkdownEditor.swift */,
			);
			path = Help;
			sourceTree = "<group>";
		};
		85A477612641B08900F93AB3 /* Generators */ = {
			isa = PBXGroup;
			children = (
				85954042261C3144001D9040 /* SpriteKitNoiseController.swift */,
				8515B341262554A700A886BD /* GradientController.swift */,
				85FFB7352639C16F00E8FE0A /* MetalGenController.swift */,
				857A93D126124FE7004FFEBB /* QuickNoiseController.swift */,
			);
			path = Generators;
			sourceTree = "<group>";
		};
		85A477622641B0B800F93AB3 /* Image FX */ = {
			isa = PBXGroup;
			children = (
				8597BB7D25BCA8B200C705A0 /* ImageFXController.swift */,
				85649218257953A900D1FE00 /* ImageCompositionController.swift */,
			);
			path = "Image FX";
			sourceTree = "<group>";
		};
		85A477672641CE3700F93AB3 /* CoreData */ = {
			isa = PBXGroup;
			children = (
				856491D32578100B00D1FE00 /* Scene_Machine.xcdatamodeld */,
			);
			path = CoreData;
			sourceTree = "<group>";
		};
		85B91332263105460065D6D2 /* Utilities */ = {
			isa = PBXGroup;
			children = (
				85B9133E2631BFDD0065D6D2 /* ImageRenderer */,
				85B913332631055E0065D6D2 /* Extensions */,
			);
			path = Utilities;
			sourceTree = "<group>";
		};
		85B913332631055E0065D6D2 /* Extensions */ = {
			isa = PBXGroup;
			children = (
				85B913342631057E0065D6D2 /* SceneKit+Extensions.swift */,
				85B9134B2631C13B0065D6D2 /* SwiftUI+Extensions.swift */,
				85B9137826329A3A0065D6D2 /* CoreImage+Extensions.swift */,
			);
			path = Extensions;
			sourceTree = "<group>";
		};
		85B9133E2631BFDD0065D6D2 /* ImageRenderer */ = {
			isa = PBXGroup;
			children = (
				85B9133F2631C00E0065D6D2 /* GraphicsImageRenderer.swift */,
			);
			path = ImageRenderer;
			sourceTree = "<group>";
		};
		85B91358263297D50065D6D2 /* Filters */ = {
			isa = PBXGroup;
			children = (
				85B913662632993C0065D6D2 /* Metal Filters */,
				85B913592632983C0065D6D2 /* CI Filters */,
			);
			path = Filters;
			sourceTree = "<group>";
		};
		85B913592632983C0065D6D2 /* CI Filters */ = {
			isa = PBXGroup;
			children = (
				85DEFC672643AFC8003DEC36 /* MercurializeFilter.swift */,
				85B9135A263298790065D6D2 /* CausticNoise.swift */,
				85B91361263298D20065D6D2 /* LensFlare.swift */,
			);
			path = "CI Filters";
			sourceTree = "<group>";
		};
		85B913662632993C0065D6D2 /* Metal Filters */ = {
			isa = PBXGroup;
			children = (
				85E8409A266A8EF600CFD8ED /* TileFilters.swift */,
				85B9136E263299CB0065D6D2 /* HexagonFilter.swift */,
				85E8409C266A91FF00CFD8ED /* NoiseFilters.swift */,
				85E8409E266A93BE00CFD8ED /* ImageFXFilters.swift */,
			);
			path = "Metal Filters";
			sourceTree = "<group>";
		};
		85B9137F26329DA20065D6D2 /* Metal Generators */ = {
			isa = PBXGroup;
			children = (
				85B9138126329DED0065D6D2 /* MetalGenView.swift */,
				857C473326371D06006C6A32 /* MetalNoiseView.swift */,
				857C47372637370F006C6A32 /* MetalTilesView.swift */,
				85FFB7392639DA0100E8FE0A /* MetalOverlaysView.swift */,
				85FFB73D2639DA1700E8FE0A /* MetalOthersView.swift */,
			);
			path = "Metal Generators";
			sourceTree = "<group>";
		};
		85B9138026329DBB0065D6D2 /* SpriteKit Generators */ = {
			isa = PBXGroup;
			children = (
				857A93E426126613004FFEBB /* SpriteNoiseMaker.swift */,
				8515B33C26254C8300A886BD /* GradientMakerView.swift */,
			);
			path = "SpriteKit Generators";
			sourceTree = "<group>";
		};
		85D1BC62265D6667009D70DC /* Right Views */ = {
			isa = PBXGroup;
			children = (
				85F34A982649B5C2002F949E /* SMShapeEditorView.swift */,
				85D1BC63265D6896009D70DC /* SMUVMapView.swift */,
				85D1BC65265D734B009D70DC /* SMSceneConfigView.swift */,
				85E840982669E51E00CFD8ED /* SMShaderEditView.swift */,
			);
			path = "Right Views";
			sourceTree = "<group>";
		};
		85D1BC69265F6C32009D70DC /* Pencil Kit */ = {
			isa = PBXGroup;
			children = (
				85D1BC6A265F6C66009D70DC /* PencilKitView.swift */,
			);
			path = "Pencil Kit";
			sourceTree = "<group>";
		};
		85D1BC6C26600BD3009D70DC /* Nodes */ = {
			isa = PBXGroup;
			children = (
				85D1BC67265E03C4009D70DC /* MMNodeView.swift */,
				85D1BC712660347D009D70DC /* MMModeView.swift */,
				85D1BC6D26600C30009D70DC /* MMNodeFXView.swift */,
			);
			path = Nodes;
			sourceTree = "<group>";
		};
/* End PBXGroup section */

/* Begin PBXNativeTarget section */
		856491CB2578100B00D1FE00 /* Scene Machine */ = {
			isa = PBXNativeTarget;
			buildConfigurationList = 856491F82578100D00D1FE00 /* Build configuration list for PBXNativeTarget "Scene Machine" */;
			buildPhases = (
				856491C82578100B00D1FE00 /* Sources */,
				856491C92578100B00D1FE00 /* Frameworks */,
				856491CA2578100B00D1FE00 /* Resources */,
			);
			buildRules = (
				85CB435D263CAABE006E4B10 /* PBXBuildRule */,
				85CB435C263CA9EA006E4B10 /* PBXBuildRule */,
			);
			dependencies = (
			);
			name = "Scene Machine";
			packageProductDependencies = (
				85C282F9266C1A8C00044A75 /* HighlightedTextEditor */,
			);
			productName = "Scene Machine";
			productReference = 856491CC2578100B00D1FE00 /* Scene Machine.app */;
			productType = "com.apple.product-type.application";
		};
		856491E32578100D00D1FE00 /* Scene MachineTests */ = {
			isa = PBXNativeTarget;
			buildConfigurationList = 856491FB2578100D00D1FE00 /* Build configuration list for PBXNativeTarget "Scene MachineTests" */;
			buildPhases = (
				856491E02578100D00D1FE00 /* Sources */,
				856491E12578100D00D1FE00 /* Frameworks */,
				856491E22578100D00D1FE00 /* Resources */,
			);
			buildRules = (
			);
			dependencies = (
				856491E62578100D00D1FE00 /* PBXTargetDependency */,
			);
			name = "Scene MachineTests";
			productName = "Scene MachineTests";
			productReference = 856491E42578100D00D1FE00 /* Scene MachineTests.xctest */;
			productType = "com.apple.product-type.bundle.unit-test";
		};
/* End PBXNativeTarget section */

/* Begin PBXProject section */
		856491C42578100B00D1FE00 /* Project object */ = {
			isa = PBXProject;
			attributes = {
				LastSwiftUpdateCheck = 1220;
				LastUpgradeCheck = 1250;
				TargetAttributes = {
					856491CB2578100B00D1FE00 = {
						CreatedOnToolsVersion = 12.2;
					};
					856491E32578100D00D1FE00 = {
						CreatedOnToolsVersion = 12.2;
						TestTargetID = 856491CB2578100B00D1FE00;
					};
				};
			};
			buildConfigurationList = 856491C72578100B00D1FE00 /* Build configuration list for PBXProject "Scene Machine" */;
			compatibilityVersion = "Xcode 9.3";
			developmentRegion = en;
			hasScannedForEncodings = 0;
			knownRegions = (
				en,
				Base,
			);
			mainGroup = 856491C32578100B00D1FE00;
			packageReferences = (
				85C282F8266C1A8C00044A75 /* XCRemoteSwiftPackageReference "HighlightedTextEditor" */,
			);
			productRefGroup = 856491CD2578100B00D1FE00 /* Products */;
			projectDirPath = "";
			projectRoot = "";
			targets = (
				856491CB2578100B00D1FE00 /* Scene Machine */,
				856491E32578100D00D1FE00 /* Scene MachineTests */,
			);
		};
/* End PBXProject section */

/* Begin PBXResourcesBuildPhase section */
		856491CA2578100B00D1FE00 /* Resources */ = {
			isa = PBXResourcesBuildPhase;
			buildActionMask = 2147483647;
			files = (
				856491DD2578100C00D1FE00 /* Main.storyboard in Resources */,
				85649239257976C700D1FE00 /* Scenes.scnassets in Resources */,
				856491D72578100C00D1FE00 /* Assets.xcassets in Resources */,
				8564923E2579828100D1FE00 /* dissolve.fragment.txt in Resources */,
			);
			runOnlyForDeploymentPostprocessing = 0;
		};
		856491E22578100D00D1FE00 /* Resources */ = {
			isa = PBXResourcesBuildPhase;
			buildActionMask = 2147483647;
			files = (
			);
			runOnlyForDeploymentPostprocessing = 0;
		};
/* End PBXResourcesBuildPhase section */

/* Begin PBXSourcesBuildPhase section */
		856491C82578100B00D1FE00 /* Sources */ = {
			isa = PBXSourcesBuildPhase;
			buildActionMask = 2147483647;
			files = (
				85885EF626520B1B00E98855 /* HelpCharacterModeling.swift in Sources */,
				85D1BC702660244B009D70DC /* HelpPencilKitView.swift in Sources */,
				85DEFC682643AFC8003DEC36 /* MercurializeFilter.swift in Sources */,
				856492222579547900D1FE00 /* ImageCompositionView.swift in Sources */,
				8515B33D26254C8300A886BD /* GradientMakerView.swift in Sources */,
				85FAF34E263C512B00081ED8 /* FXStylizeView.swift in Sources */,
				85D1BC68265E03C4009D70DC /* MMNodeView.swift in Sources */,
				85A4776026407D4800F93AB3 /* HelpMainView.swift in Sources */,
				857A93D226124FE7004FFEBB /* QuickNoiseController.swift in Sources */,
				85E8409D266A91FF00CFD8ED /* NoiseFilters.swift in Sources */,
				85B913402631C00E0065D6D2 /* GraphicsImageRenderer.swift in Sources */,
				85E840992669E51E00CFD8ED /* SMShaderEditView.swift in Sources */,
				85D1BC742663418F009D70DC /* TileComposerView.swift in Sources */,
				85D1BC66265D734B009D70DC /* SMSceneConfigView.swift in Sources */,
				85E8409B266A8EF600CFD8ED /* TileFilters.swift in Sources */,
				855053732644F38B00A577E2 /* SMNodeRow.swift in Sources */,
				85D3E7CF26390FC500D693FA /* SceneMachineController.swift in Sources */,
				85B91362263298D20065D6D2 /* LensFlare.swift in Sources */,
				8515B36A26263FFE00A886BD /* MaterialModel.swift in Sources */,
				85B913352631057E0065D6D2 /* SceneKit+Extensions.swift in Sources */,
				858C459F26658F8B00AB830B /* ExplorerTest.swift in Sources */,
				85B9136F263299CB0065D6D2 /* HexagonFilter.swift in Sources */,
				8515B3472625EC6300A886BD /* FrontView.swift in Sources */,
				85FFB7362639C16F00E8FE0A /* MetalGenController.swift in Sources */,
				85885EFA2656BD3300E98855 /* MaterialMachineController.swift in Sources */,
				857A93CD26124F3F004FFEBB /* QuickNoiseView.swift in Sources */,
				85B9138226329DED0065D6D2 /* MetalGenView.swift in Sources */,
				85941FBB264EEA3500A3CAF6 /* DrawingPadToolbar.swift in Sources */,
				85941FBD264EF85700A3CAF6 /* DrawingPadController.swift in Sources */,
				8515B46D262D3B3B00A886BD /* TopBar.swift in Sources */,
				85FAF34C263C511300081ED8 /* FXDistortView.swift in Sources */,
				8515B3D52628A58B00A886BD /* LocalDatabase.swift in Sources */,
				858C45A226667F0B00AB830B /* ExplorerController.swift in Sources */,
				855053752646A50B00A577E2 /* SMMaterialView.swift in Sources */,
				8515B372262743D000A886BD /* TerrainView.swift in Sources */,
				85771BCD2633D08F001A2B88 /* InputViews.swift in Sources */,
				85D1BC722660347D009D70DC /* MMModeView.swift in Sources */,
				85C282FC266C1BDD00044A75 /* MarkdownEditor.swift in Sources */,
				8515B47C262E4B5F00A886BD /* FXBlurrView.swift in Sources */,
				857C473426371D06006C6A32 /* MetalNoiseView.swift in Sources */,
				85B9137926329A3A0065D6D2 /* CoreImage+Extensions.swift in Sources */,
				85941FC126501B0600A3CAF6 /* PenToolbar.swift in Sources */,
				85E8409F266A93BE00CFD8ED /* ImageFXFilters.swift in Sources */,
				857C47382637370F006C6A32 /* MetalTilesView.swift in Sources */,
				85D1BC61265C2E7D009D70DC /* MacNotesTextView.swift in Sources */,
				85941FC426506FA500A3CAF6 /* ToolDrawingPads.swift in Sources */,
				85FAF350263C6B7600081ED8 /* PhongShader.metal in Sources */,
				85A4776D2642EE1C00F93AB3 /* FXOtherView.swift in Sources */,
				85CB4361263D0D9A006E4B10 /* DrawingView.swift in Sources */,
				85F34A992649B5C2002F949E /* SMShapeEditorView.swift in Sources */,
				8515B35E26263C6100A886BD /* MaterialEditView.swift in Sources */,
				857C5FE8263F73800095E3B4 /* DrawingPadViews.swift in Sources */,
				85B9135B263298790065D6D2 /* CausticNoise.swift in Sources */,
				85B9134C2631C13B0065D6D2 /* SwiftUI+Extensions.swift in Sources */,
				8597BB8425BCAEF600C705A0 /* Metal.metal in Sources */,
				8564922F25796F9C00D1FE00 /* TestImageDragDrop.swift in Sources */,
				85FFB73E2639DA1700E8FE0A /* MetalOthersView.swift in Sources */,
				85941FB8264E3D6900A3CAF6 /* Drawing.swift in Sources */,
				8564922A25795F3C00D1FE00 /* DragDropView.swift in Sources */,
				85649219257953A900D1FE00 /* ImageCompositionController.swift in Sources */,
				85D1BC6E26600C30009D70DC /* MMNodeFXView.swift in Sources */,
				856491D52578100B00D1FE00 /* Scene_Machine.xcdatamodeld in Sources */,
				85D3E7CB26390FAF00D693FA /* SceneMachineView.swift in Sources */,
				85954043261C3144001D9040 /* SpriteKitNoiseController.swift in Sources */,
				857A93E526126613004FFEBB /* SpriteNoiseMaker.swift in Sources */,
				85CB435F263CABC0006E4B10 /* Kernels2.ci.metal in Sources */,
				85D1BC6B265F6C66009D70DC /* PencilKitView.swift in Sources */,
				85941FBF265018FB00A3CAF6 /* PencilToolbar.swift in Sources */,
				8515B3DC2628B16600A886BD /* CompositionView.swift in Sources */,
				85E840972667FD6F00CFD8ED /* Generators.ci.metal in Sources */,
				8515B474262E124300A886BD /* ImageFXView.swift in Sources */,
				85885EF82656B5E200E98855 /* MaterialMachineView.swift in Sources */,
				85D1BC64265D6896009D70DC /* SMUVMapView.swift in Sources */,
				8515B342262554A700A886BD /* GradientController.swift in Sources */,
				8515B480262E7DDA00A886BD /* FXColorView.swift in Sources */,
				856491D02578100B00D1FE00 /* AppDelegate.swift in Sources */,
				8541531B2648680B007C926B /* AppConstants.swift in Sources */,
				85941FC72650730300A3CAF6 /* ShapeToolBar.swift in Sources */,
				8597BB7E25BCA8B200C705A0 /* ImageFXController.swift in Sources */,
				85FFB73A2639DA0100E8FE0A /* MetalOverlaysView.swift in Sources */,
				859241FF265B7FE9001D503D /* UVMapView.swift in Sources */,
			);
			runOnlyForDeploymentPostprocessing = 0;
		};
		856491E02578100D00D1FE00 /* Sources */ = {
			isa = PBXSourcesBuildPhase;
			buildActionMask = 2147483647;
			files = (
				85B9134D2631C13B0065D6D2 /* SwiftUI+Extensions.swift in Sources */,
				85B91370263299CB0065D6D2 /* HexagonFilter.swift in Sources */,
				85B9138326329DED0065D6D2 /* MetalGenView.swift in Sources */,
				85B913412631C00E0065D6D2 /* GraphicsImageRenderer.swift in Sources */,
				856491E92578100D00D1FE00 /* Scene_MachineTests.swift in Sources */,
				85B9137A26329A3A0065D6D2 /* CoreImage+Extensions.swift in Sources */,
				85B91363263298D20065D6D2 /* LensFlare.swift in Sources */,
				85B9135C263298790065D6D2 /* CausticNoise.swift in Sources */,
			);
			runOnlyForDeploymentPostprocessing = 0;
		};
/* End PBXSourcesBuildPhase section */

/* Begin PBXTargetDependency section */
		856491E62578100D00D1FE00 /* PBXTargetDependency */ = {
			isa = PBXTargetDependency;
			target = 856491CB2578100B00D1FE00 /* Scene Machine */;
			targetProxy = 856491E52578100D00D1FE00 /* PBXContainerItemProxy */;
		};
/* End PBXTargetDependency section */

/* Begin PBXVariantGroup section */
		856491DB2578100C00D1FE00 /* Main.storyboard */ = {
			isa = PBXVariantGroup;
			children = (
				856491DC2578100C00D1FE00 /* Base */,
			);
			name = Main.storyboard;
			sourceTree = "<group>";
		};
/* End PBXVariantGroup section */

/* Begin XCBuildConfiguration section */
		856491F62578100D00D1FE00 /* Debug */ = {
			isa = XCBuildConfiguration;
			buildSettings = {
				ALWAYS_SEARCH_USER_PATHS = NO;
				CLANG_ANALYZER_NONNULL = YES;
				CLANG_ANALYZER_NUMBER_OBJECT_CONVERSION = YES_AGGRESSIVE;
				CLANG_CXX_LANGUAGE_STANDARD = "gnu++14";
				CLANG_CXX_LIBRARY = "libc++";
				CLANG_ENABLE_MODULES = YES;
				CLANG_ENABLE_OBJC_ARC = YES;
				CLANG_ENABLE_OBJC_WEAK = YES;
				CLANG_WARN_BLOCK_CAPTURE_AUTORELEASING = YES;
				CLANG_WARN_BOOL_CONVERSION = YES;
				CLANG_WARN_COMMA = YES;
				CLANG_WARN_CONSTANT_CONVERSION = YES;
				CLANG_WARN_DEPRECATED_OBJC_IMPLEMENTATIONS = YES;
				CLANG_WARN_DIRECT_OBJC_ISA_USAGE = YES_ERROR;
				CLANG_WARN_DOCUMENTATION_COMMENTS = YES;
				CLANG_WARN_EMPTY_BODY = YES;
				CLANG_WARN_ENUM_CONVERSION = YES;
				CLANG_WARN_INFINITE_RECURSION = YES;
				CLANG_WARN_INT_CONVERSION = YES;
				CLANG_WARN_NON_LITERAL_NULL_CONVERSION = YES;
				CLANG_WARN_OBJC_IMPLICIT_RETAIN_SELF = YES;
				CLANG_WARN_OBJC_LITERAL_CONVERSION = YES;
				CLANG_WARN_OBJC_ROOT_CLASS = YES_ERROR;
				CLANG_WARN_QUOTED_INCLUDE_IN_FRAMEWORK_HEADER = YES;
				CLANG_WARN_RANGE_LOOP_ANALYSIS = YES;
				CLANG_WARN_STRICT_PROTOTYPES = YES;
				CLANG_WARN_SUSPICIOUS_MOVE = YES;
				CLANG_WARN_UNGUARDED_AVAILABILITY = YES_AGGRESSIVE;
				CLANG_WARN_UNREACHABLE_CODE = YES;
				CLANG_WARN__DUPLICATE_METHOD_MATCH = YES;
				COPY_PHASE_STRIP = NO;
				DEBUG_INFORMATION_FORMAT = dwarf;
				ENABLE_STRICT_OBJC_MSGSEND = YES;
				ENABLE_TESTABILITY = YES;
				GCC_C_LANGUAGE_STANDARD = gnu11;
				GCC_DYNAMIC_NO_PIC = NO;
				GCC_NO_COMMON_BLOCKS = YES;
				GCC_OPTIMIZATION_LEVEL = 0;
				GCC_PREPROCESSOR_DEFINITIONS = (
					"DEBUG=1",
					"$(inherited)",
				);
				GCC_WARN_64_TO_32_BIT_CONVERSION = YES;
				GCC_WARN_ABOUT_RETURN_TYPE = YES_ERROR;
				GCC_WARN_UNDECLARED_SELECTOR = YES;
				GCC_WARN_UNINITIALIZED_AUTOS = YES_AGGRESSIVE;
				GCC_WARN_UNUSED_FUNCTION = YES;
				GCC_WARN_UNUSED_VARIABLE = YES;
				MACOSX_DEPLOYMENT_TARGET = 11.0;
				MTL_ENABLE_DEBUG_INFO = INCLUDE_SOURCE;
				MTL_FAST_MATH = YES;
				ONLY_ACTIVE_ARCH = YES;
				SDKROOT = macosx;
				SWIFT_ACTIVE_COMPILATION_CONDITIONS = DEBUG;
				SWIFT_OPTIMIZATION_LEVEL = "-Onone";
			};
			name = Debug;
		};
		856491F72578100D00D1FE00 /* Release */ = {
			isa = XCBuildConfiguration;
			buildSettings = {
				ALWAYS_SEARCH_USER_PATHS = NO;
				CLANG_ANALYZER_NONNULL = YES;
				CLANG_ANALYZER_NUMBER_OBJECT_CONVERSION = YES_AGGRESSIVE;
				CLANG_CXX_LANGUAGE_STANDARD = "gnu++14";
				CLANG_CXX_LIBRARY = "libc++";
				CLANG_ENABLE_MODULES = YES;
				CLANG_ENABLE_OBJC_ARC = YES;
				CLANG_ENABLE_OBJC_WEAK = YES;
				CLANG_WARN_BLOCK_CAPTURE_AUTORELEASING = YES;
				CLANG_WARN_BOOL_CONVERSION = YES;
				CLANG_WARN_COMMA = YES;
				CLANG_WARN_CONSTANT_CONVERSION = YES;
				CLANG_WARN_DEPRECATED_OBJC_IMPLEMENTATIONS = YES;
				CLANG_WARN_DIRECT_OBJC_ISA_USAGE = YES_ERROR;
				CLANG_WARN_DOCUMENTATION_COMMENTS = YES;
				CLANG_WARN_EMPTY_BODY = YES;
				CLANG_WARN_ENUM_CONVERSION = YES;
				CLANG_WARN_INFINITE_RECURSION = YES;
				CLANG_WARN_INT_CONVERSION = YES;
				CLANG_WARN_NON_LITERAL_NULL_CONVERSION = YES;
				CLANG_WARN_OBJC_IMPLICIT_RETAIN_SELF = YES;
				CLANG_WARN_OBJC_LITERAL_CONVERSION = YES;
				CLANG_WARN_OBJC_ROOT_CLASS = YES_ERROR;
				CLANG_WARN_QUOTED_INCLUDE_IN_FRAMEWORK_HEADER = YES;
				CLANG_WARN_RANGE_LOOP_ANALYSIS = YES;
				CLANG_WARN_STRICT_PROTOTYPES = YES;
				CLANG_WARN_SUSPICIOUS_MOVE = YES;
				CLANG_WARN_UNGUARDED_AVAILABILITY = YES_AGGRESSIVE;
				CLANG_WARN_UNREACHABLE_CODE = YES;
				CLANG_WARN__DUPLICATE_METHOD_MATCH = YES;
				COPY_PHASE_STRIP = NO;
				DEBUG_INFORMATION_FORMAT = "dwarf-with-dsym";
				ENABLE_NS_ASSERTIONS = NO;
				ENABLE_STRICT_OBJC_MSGSEND = YES;
				GCC_C_LANGUAGE_STANDARD = gnu11;
				GCC_NO_COMMON_BLOCKS = YES;
				GCC_WARN_64_TO_32_BIT_CONVERSION = YES;
				GCC_WARN_ABOUT_RETURN_TYPE = YES_ERROR;
				GCC_WARN_UNDECLARED_SELECTOR = YES;
				GCC_WARN_UNINITIALIZED_AUTOS = YES_AGGRESSIVE;
				GCC_WARN_UNUSED_FUNCTION = YES;
				GCC_WARN_UNUSED_VARIABLE = YES;
				MACOSX_DEPLOYMENT_TARGET = 11.0;
				MTL_ENABLE_DEBUG_INFO = NO;
				MTL_FAST_MATH = YES;
				SDKROOT = macosx;
				SWIFT_COMPILATION_MODE = wholemodule;
				SWIFT_OPTIMIZATION_LEVEL = "-O";
			};
			name = Release;
		};
		856491F92578100D00D1FE00 /* Debug */ = {
			isa = XCBuildConfiguration;
			buildSettings = {
				ASSETCATALOG_COMPILER_APPICON_NAME = AppIcon;
				ASSETCATALOG_COMPILER_GLOBAL_ACCENT_COLOR_NAME = AccentColor;
				CODE_SIGN_ENTITLEMENTS = "Scene Machine/Scene_Machine.entitlements";
				CODE_SIGN_IDENTITY = "Apple Development";
				CODE_SIGN_STYLE = Automatic;
				COMBINE_HIDPI_IMAGES = YES;
				CURRENT_PROJECT_VERSION = 7;
				DEVELOPMENT_ASSET_PATHS = "\"Scene Machine/Preview Content\"";
				DEVELOPMENT_TEAM = FXF7BJD3VH;
				ENABLE_HARDENED_RUNTIME = YES;
				ENABLE_PREVIEWS = YES;
				INFOPLIST_FILE = "Scene Machine/Info.plist";
				LD_RUNPATH_SEARCH_PATHS = (
					"$(inherited)",
					"@executable_path/../Frameworks",
				);
				MACOSX_DEPLOYMENT_TARGET = 11.0;
				MARKETING_VERSION = 1.3;
				MTL_ENABLE_INDEX_STORE = NO;
				PRODUCT_BUNDLE_IDENTIFIER = "cfarini.Scene-Machine";
				PRODUCT_NAME = "$(TARGET_NAME)";
				SWIFT_VERSION = 5.0;
			};
			name = Debug;
		};
		856491FA2578100D00D1FE00 /* Release */ = {
			isa = XCBuildConfiguration;
			buildSettings = {
				ASSETCATALOG_COMPILER_APPICON_NAME = AppIcon;
				ASSETCATALOG_COMPILER_GLOBAL_ACCENT_COLOR_NAME = AccentColor;
				CODE_SIGN_ENTITLEMENTS = "Scene Machine/Scene_Machine.entitlements";
				CODE_SIGN_IDENTITY = "Apple Development";
				CODE_SIGN_STYLE = Automatic;
				COMBINE_HIDPI_IMAGES = YES;
				CURRENT_PROJECT_VERSION = 7;
				DEVELOPMENT_ASSET_PATHS = "\"Scene Machine/Preview Content\"";
				DEVELOPMENT_TEAM = FXF7BJD3VH;
				ENABLE_HARDENED_RUNTIME = YES;
				ENABLE_PREVIEWS = YES;
				INFOPLIST_FILE = "Scene Machine/Info.plist";
				LD_RUNPATH_SEARCH_PATHS = (
					"$(inherited)",
					"@executable_path/../Frameworks",
				);
				MACOSX_DEPLOYMENT_TARGET = 11.0;
				MARKETING_VERSION = 1.3;
				MTL_ENABLE_INDEX_STORE = NO;
				PRODUCT_BUNDLE_IDENTIFIER = "cfarini.Scene-Machine";
				PRODUCT_NAME = "$(TARGET_NAME)";
				SWIFT_VERSION = 5.0;
			};
			name = Release;
		};
		856491FC2578100D00D1FE00 /* Debug */ = {
			isa = XCBuildConfiguration;
			buildSettings = {
				ALWAYS_EMBED_SWIFT_STANDARD_LIBRARIES = YES;
				BUNDLE_LOADER = "$(TEST_HOST)";
				CODE_SIGN_STYLE = Automatic;
				COMBINE_HIDPI_IMAGES = YES;
				INFOPLIST_FILE = "Scene MachineTests/Info.plist";
				LD_RUNPATH_SEARCH_PATHS = (
					"$(inherited)",
					"@executable_path/../Frameworks",
					"@loader_path/../Frameworks",
				);
				MACOSX_DEPLOYMENT_TARGET = 10.15;
				PRODUCT_BUNDLE_IDENTIFIER = "cfarini.Scene-MachineTests";
				PRODUCT_NAME = "$(TARGET_NAME)";
				SWIFT_VERSION = 5.0;
				TEST_HOST = "$(BUILT_PRODUCTS_DIR)/Scene Machine.app/Contents/MacOS/Scene Machine";
			};
			name = Debug;
		};
		856491FD2578100D00D1FE00 /* Release */ = {
			isa = XCBuildConfiguration;
			buildSettings = {
				ALWAYS_EMBED_SWIFT_STANDARD_LIBRARIES = YES;
				BUNDLE_LOADER = "$(TEST_HOST)";
				CODE_SIGN_STYLE = Automatic;
				COMBINE_HIDPI_IMAGES = YES;
				INFOPLIST_FILE = "Scene MachineTests/Info.plist";
				LD_RUNPATH_SEARCH_PATHS = (
					"$(inherited)",
					"@executable_path/../Frameworks",
					"@loader_path/../Frameworks",
				);
				MACOSX_DEPLOYMENT_TARGET = 10.15;
				PRODUCT_BUNDLE_IDENTIFIER = "cfarini.Scene-MachineTests";
				PRODUCT_NAME = "$(TARGET_NAME)";
				SWIFT_VERSION = 5.0;
				TEST_HOST = "$(BUILT_PRODUCTS_DIR)/Scene Machine.app/Contents/MacOS/Scene Machine";
			};
			name = Release;
		};
/* End XCBuildConfiguration section */

/* Begin XCConfigurationList section */
		856491C72578100B00D1FE00 /* Build configuration list for PBXProject "Scene Machine" */ = {
			isa = XCConfigurationList;
			buildConfigurations = (
				856491F62578100D00D1FE00 /* Debug */,
				856491F72578100D00D1FE00 /* Release */,
			);
			defaultConfigurationIsVisible = 0;
			defaultConfigurationName = Release;
		};
		856491F82578100D00D1FE00 /* Build configuration list for PBXNativeTarget "Scene Machine" */ = {
			isa = XCConfigurationList;
			buildConfigurations = (
				856491F92578100D00D1FE00 /* Debug */,
				856491FA2578100D00D1FE00 /* Release */,
			);
			defaultConfigurationIsVisible = 0;
			defaultConfigurationName = Release;
		};
		856491FB2578100D00D1FE00 /* Build configuration list for PBXNativeTarget "Scene MachineTests" */ = {
			isa = XCConfigurationList;
			buildConfigurations = (
				856491FC2578100D00D1FE00 /* Debug */,
				856491FD2578100D00D1FE00 /* Release */,
			);
			defaultConfigurationIsVisible = 0;
			defaultConfigurationName = Release;
		};
/* End XCConfigurationList section */

/* Begin XCRemoteSwiftPackageReference section */
		85C282F8266C1A8C00044A75 /* XCRemoteSwiftPackageReference "HighlightedTextEditor" */ = {
			isa = XCRemoteSwiftPackageReference;
			repositoryURL = "https://github.com/kyle-n/HighlightedTextEditor";
			requirement = {
				kind = upToNextMajorVersion;
				minimumVersion = 2.0.2;
			};
		};
/* End XCRemoteSwiftPackageReference section */

/* Begin XCSwiftPackageProductDependency section */
		85C282F9266C1A8C00044A75 /* HighlightedTextEditor */ = {
			isa = XCSwiftPackageProductDependency;
			package = 85C282F8266C1A8C00044A75 /* XCRemoteSwiftPackageReference "HighlightedTextEditor" */;
			productName = HighlightedTextEditor;
		};
/* End XCSwiftPackageProductDependency section */

/* Begin XCVersionGroup section */
		856491D32578100B00D1FE00 /* Scene_Machine.xcdatamodeld */ = {
			isa = XCVersionGroup;
			children = (
				856491D42578100B00D1FE00 /* Scene_Machine.xcdatamodel */,
			);
			currentVersion = 856491D42578100B00D1FE00 /* Scene_Machine.xcdatamodel */;
			path = Scene_Machine.xcdatamodeld;
			sourceTree = "<group>";
			versionGroupType = wrapper.xcdatamodel;
		};
/* End XCVersionGroup section */
	};
	rootObject = 856491C42578100B00D1FE00 /* Project object */;
}
